
Microsoft Visual Studio Solution File, Format Version 12.00
# Visual Studio 15
VisualStudioVersion = 15.0.27703.2042
MinimumVisualStudioVersion = 10.0.40219.1
Project("{8BC9CEB8-8B4A-11D0-8D11-00A0C91BC942}") = "woffles", "woffles\woffles.vcxproj", "{42D9CAF8-6724-4D81-9220-C19A092E03B1}"
EndProject
Project("{2150E333-8FDC-42A3-9474-1A3956D46DE8}") = "Solution Items", "Solution Items", "{AB3AB664-C1C8-43A2-A16F-A3C1EA1F5D52}"
	ProjectSection(SolutionItems) = preProject
		README.md = README.md
	EndProjectSection
EndProject
Global
	GlobalSection(SolutionConfigurationPlatforms) = preSolution
		Debug|x64 = Debug|x64
		Debug|x86 = Debug|x86
		Release|x64 = Release|x64
		Release|x86 = Release|x86
	EndGlobalSection
	GlobalSection(ProjectConfigurationPlatforms) = postSolution
		{42D9CAF8-6724-4D81-9220-C19A092E03B1}.Debug|x64.ActiveCfg = Debug|x64
		{42D9CAF8-6724-4D81-9220-C19A092E03B1}.Debug|x64.Build.0 = Debug|x64
		{42D9CAF8-6724-4D81-9220-C19A092E03B1}.Debug|x86.ActiveCfg = Debug|Win32
		{42D9CAF8-6724-4D81-9220-C19A092E03B1}.Debug|x86.Build.0 = Debug|Win32
		{42D9CAF8-6724-4D81-9220-C19A092E03B1}.Release|x64.ActiveCfg = Release|x64
		{42D9CAF8-6724-4D81-9220-C19A092E03B1}.Release|x64.Build.0 = Release|x64
		{42D9CAF8-6724-4D81-9220-C19A092E03B1}.Release|x86.ActiveCfg = Release|Win32
		{42D9CAF8-6724-4D81-9220-C19A092E03B1}.Release|x86.Build.0 = Release|Win32
	EndGlobalSection
	GlobalSection(SolutionProperties) = preSolution
		HideSolutionNode = FALSE
	EndGlobalSection
	GlobalSection(ExtensibilityGlobals) = postSolution
		SolutionGuid = {17920FEA-FC6B-449F-9AA3-3D525C01FA53}
	EndGlobalSection
EndGlobal
